
Microsoft Visual Studio Solution File, Format Version 12.00
# Visual Studio Version 16
VisualStudioVersion = 16.0.30225.117
MinimumVisualStudioVersion = 10.0.40219.1
Project("{9A19103F-16F7-4668-BE54-9A1E7A4F7556}") = "et.documents", "et.documents\et.documents.csproj", "{4D55903A-77DB-4EB9-BC89-310FC8ECF1BB}"
EndProject
Project("{9A19103F-16F7-4668-BE54-9A1E7A4F7556}") = "et.dal", "et.dal\et.dal.csproj", "{ED48C03F-C5D0-4C0A-A3DF-304F4D321CD4}"
EndProject
Project("{9A19103F-16F7-4668-BE54-9A1E7A4F7556}") = "et.bl", "et.bl\et.bl.csproj", "{22688DA8-D197-4163-A73F-315AFE63F4D4}"
EndProject
Project("{9A19103F-16F7-4668-BE54-9A1E7A4F7556}") = "et.tests", "et.tests\et.tests.csproj", "{6DA9C83A-A8FF-47B5-A575-5F26BA09CF7B}"
EndProject
Project("{FAE04EC0-301F-11D3-BF4B-00C04F79EFBC}") = "et.api", "et.api\et.api.csproj", "{3CF39054-20B3-4359-A91D-1AC7F95EDB55}"
EndProject
Global
	GlobalSection(SolutionConfigurationPlatforms) = preSolution
		Debug|Any CPU = Debug|Any CPU
		Release|Any CPU = Release|Any CPU
	EndGlobalSection
	GlobalSection(ProjectConfigurationPlatforms) = postSolution
		{4D55903A-77DB-4EB9-BC89-310FC8ECF1BB}.Debug|Any CPU.ActiveCfg = Debug|Any CPU
		{4D55903A-77DB-4EB9-BC89-310FC8ECF1BB}.Debug|Any CPU.Build.0 = Debug|Any CPU
		{4D55903A-77DB-4EB9-BC89-310FC8ECF1BB}.Release|Any CPU.ActiveCfg = Release|Any CPU
		{4D55903A-77DB-4EB9-BC89-310FC8ECF1BB}.Release|Any CPU.Build.0 = Release|Any CPU
		{ED48C03F-C5D0-4C0A-A3DF-304F4D321CD4}.Debug|Any CPU.ActiveCfg = Debug|Any CPU
		{ED48C03F-C5D0-4C0A-A3DF-304F4D321CD4}.Debug|Any CPU.Build.0 = Debug|Any CPU
		{ED48C03F-C5D0-4C0A-A3DF-304F4D321CD4}.Release|Any CPU.ActiveCfg = Release|Any CPU
		{ED48C03F-C5D0-4C0A-A3DF-304F4D321CD4}.Release|Any CPU.Build.0 = Release|Any CPU
		{22688DA8-D197-4163-A73F-315AFE63F4D4}.Debug|Any CPU.ActiveCfg = Debug|Any CPU
		{22688DA8-D197-4163-A73F-315AFE63F4D4}.Debug|Any CPU.Build.0 = Debug|Any CPU
		{22688DA8-D197-4163-A73F-315AFE63F4D4}.Release|Any CPU.ActiveCfg = Release|Any CPU
		{22688DA8-D197-4163-A73F-315AFE63F4D4}.Release|Any CPU.Build.0 = Release|Any CPU
		{6DA9C83A-A8FF-47B5-A575-5F26BA09CF7B}.Debug|Any CPU.ActiveCfg = Debug|Any CPU
		{6DA9C83A-A8FF-47B5-A575-5F26BA09CF7B}.Debug|Any CPU.Build.0 = Debug|Any CPU
		{6DA9C83A-A8FF-47B5-A575-5F26BA09CF7B}.Release|Any CPU.ActiveCfg = Release|Any CPU
		{6DA9C83A-A8FF-47B5-A575-5F26BA09CF7B}.Release|Any CPU.Build.0 = Release|Any CPU
		{3CF39054-20B3-4359-A91D-1AC7F95EDB55}.Debug|Any CPU.ActiveCfg = Debug|Any CPU
		{3CF39054-20B3-4359-A91D-1AC7F95EDB55}.Debug|Any CPU.Build.0 = Debug|Any CPU
		{3CF39054-20B3-4359-A91D-1AC7F95EDB55}.Release|Any CPU.ActiveCfg = Release|Any CPU
		{3CF39054-20B3-4359-A91D-1AC7F95EDB55}.Release|Any CPU.Build.0 = Release|Any CPU
	EndGlobalSection
	GlobalSection(SolutionProperties) = preSolution
		HideSolutionNode = FALSE
	EndGlobalSection
	GlobalSection(ExtensibilityGlobals) = postSolution
		SolutionGuid = {7008DDE8-EB29-494A-85CC-DB8EBA4E02CE}
	EndGlobalSection
EndGlobal
